
Microsoft Visual Studio Solution File, Format Version 12.00
# Visual Studio Version 17
VisualStudioVersion = 17.5.33530.505
MinimumVisualStudioVersion = 10.0.40219.1
Project("{FAE04EC0-301F-11D3-BF4B-00C04F79EFBC}") = "EFCore CRUD Operation", "EFCore CRUD Operation\EFCore CRUD Operation.csproj", "{B4849C57-9387-4A3F-9808-FC12187DA6F4}"
EndProject
Global
	GlobalSection(SolutionConfigurationPlatforms) = preSolution
		Debug|Any CPU = Debug|Any CPU
		Release|Any CPU = Release|Any CPU
	EndGlobalSection
	GlobalSection(ProjectConfigurationPlatforms) = postSolution
		{B4849C57-9387-4A3F-9808-FC12187DA6F4}.Debug|Any CPU.ActiveCfg = Debug|Any CPU
		{B4849C57-9387-4A3F-9808-FC12187DA6F4}.Debug|Any CPU.Build.0 = Debug|Any CPU
		{B4849C57-9387-4A3F-9808-FC12187DA6F4}.Release|Any CPU.ActiveCfg = Release|Any CPU
		{B4849C57-9387-4A3F-9808-FC12187DA6F4}.Release|Any CPU.Build.0 = Release|Any CPU
	EndGlobalSection
	GlobalSection(SolutionProperties) = preSolution
		HideSolutionNode = FALSE
	EndGlobalSection
	GlobalSection(ExtensibilityGlobals) = postSolution
		SolutionGuid = {DDA88EDD-E9B8-4CA1-9A25-FBC1CA2E2F0A}
	EndGlobalSection
EndGlobal
